
Microsoft Visual Studio Solution File, Format Version 12.00
# Visual Studio Version 16
VisualStudioVersion = 16.0.30503.244
MinimumVisualStudioVersion = 10.0.40219.1
Project("{FAE04EC0-301F-11D3-BF4B-00C04F79EFBC}") = "UnitTestExample", "UnitTestExample.csproj", "{10E7A6C6-C973-4DF3-BB3D-97BE51A6498F}"
EndProject
Project("{FAE04EC0-301F-11D3-BF4B-00C04F79EFBC}") = "UnitTestExample.Test", "UnitTestExample.Test\UnitTestExample.Test.csproj", "{0D2C12B6-6869-4966-850B-3132D8132BB7}"
EndProject
Global
	GlobalSection(SolutionConfigurationPlatforms) = preSolution
		Debug|Any CPU = Debug|Any CPU
		Debug|x86 = Debug|x86
		Release|Any CPU = Release|Any CPU
		Release|x86 = Release|x86
	EndGlobalSection
	GlobalSection(ProjectConfigurationPlatforms) = postSolution
		{10E7A6C6-C973-4DF3-BB3D-97BE51A6498F}.Debug|Any CPU.ActiveCfg = Debug|x86
		{10E7A6C6-C973-4DF3-BB3D-97BE51A6498F}.Debug|x86.ActiveCfg = Debug|x86
		{10E7A6C6-C973-4DF3-BB3D-97BE51A6498F}.Debug|x86.Build.0 = Debug|x86
		{10E7A6C6-C973-4DF3-BB3D-97BE51A6498F}.Release|Any CPU.ActiveCfg = Release|x86
		{10E7A6C6-C973-4DF3-BB3D-97BE51A6498F}.Release|x86.ActiveCfg = Release|x86
		{10E7A6C6-C973-4DF3-BB3D-97BE51A6498F}.Release|x86.Build.0 = Release|x86
		{0D2C12B6-6869-4966-850B-3132D8132BB7}.Debug|Any CPU.ActiveCfg = Debug|Any CPU
		{0D2C12B6-6869-4966-850B-3132D8132BB7}.Debug|Any CPU.Build.0 = Debug|Any CPU
		{0D2C12B6-6869-4966-850B-3132D8132BB7}.Debug|x86.ActiveCfg = Debug|Any CPU
		{0D2C12B6-6869-4966-850B-3132D8132BB7}.Debug|x86.Build.0 = Debug|Any CPU
		{0D2C12B6-6869-4966-850B-3132D8132BB7}.Release|Any CPU.ActiveCfg = Release|Any CPU
		{0D2C12B6-6869-4966-850B-3132D8132BB7}.Release|Any CPU.Build.0 = Release|Any CPU
		{0D2C12B6-6869-4966-850B-3132D8132BB7}.Release|x86.ActiveCfg = Release|Any CPU
		{0D2C12B6-6869-4966-850B-3132D8132BB7}.Release|x86.Build.0 = Release|Any CPU
	EndGlobalSection
	GlobalSection(SolutionProperties) = preSolution
		HideSolutionNode = FALSE
	EndGlobalSection
	GlobalSection(ExtensibilityGlobals) = postSolution
		SolutionGuid = {CE3BBEB5-F893-428E-9466-E089459FA1CF}
	EndGlobalSection
EndGlobal
