
Microsoft Visual Studio Solution File, Format Version 12.00
# Visual Studio Version 16
VisualStudioVersion = 16.0.30503.244
MinimumVisualStudioVersion = 10.0.40219.1
Project("{FAE04EC0-301F-11D3-BF4B-00C04F79EFBC}") = "08het", "08het\08het.csproj", "{592E5417-69AE-4BF8-8B51-9A4E8092A031}"
EndProject
Global
	GlobalSection(SolutionConfigurationPlatforms) = preSolution
		Debug|Any CPU = Debug|Any CPU
		Release|Any CPU = Release|Any CPU
	EndGlobalSection
	GlobalSection(ProjectConfigurationPlatforms) = postSolution
		{592E5417-69AE-4BF8-8B51-9A4E8092A031}.Debug|Any CPU.ActiveCfg = Debug|Any CPU
		{592E5417-69AE-4BF8-8B51-9A4E8092A031}.Debug|Any CPU.Build.0 = Debug|Any CPU
		{592E5417-69AE-4BF8-8B51-9A4E8092A031}.Release|Any CPU.ActiveCfg = Release|Any CPU
		{592E5417-69AE-4BF8-8B51-9A4E8092A031}.Release|Any CPU.Build.0 = Release|Any CPU
	EndGlobalSection
	GlobalSection(SolutionProperties) = preSolution
		HideSolutionNode = FALSE
	EndGlobalSection
	GlobalSection(ExtensibilityGlobals) = postSolution
		SolutionGuid = {61D968F9-3375-45FA-88DE-5C12D78B4D91}
	EndGlobalSection
EndGlobal
