
Microsoft Visual Studio Solution File, Format Version 12.00
# Visual Studio Version 16
VisualStudioVersion = 16.0.30503.244
MinimumVisualStudioVersion = 10.0.40219.1
Project("{FAE04EC0-301F-11D3-BF4B-00C04F79EFBC}") = "evolucio_10het", "evolucio_10het\evolucio_10het.csproj", "{0E4EC016-F3B8-4F60-8C76-39ED03B052B7}"
EndProject
Global
	GlobalSection(SolutionConfigurationPlatforms) = preSolution
		Debug|Any CPU = Debug|Any CPU
		Release|Any CPU = Release|Any CPU
	EndGlobalSection
	GlobalSection(ProjectConfigurationPlatforms) = postSolution
		{0E4EC016-F3B8-4F60-8C76-39ED03B052B7}.Debug|Any CPU.ActiveCfg = Debug|Any CPU
		{0E4EC016-F3B8-4F60-8C76-39ED03B052B7}.Debug|Any CPU.Build.0 = Debug|Any CPU
		{0E4EC016-F3B8-4F60-8C76-39ED03B052B7}.Release|Any CPU.ActiveCfg = Release|Any CPU
		{0E4EC016-F3B8-4F60-8C76-39ED03B052B7}.Release|Any CPU.Build.0 = Release|Any CPU
	EndGlobalSection
	GlobalSection(SolutionProperties) = preSolution
		HideSolutionNode = FALSE
	EndGlobalSection
	GlobalSection(ExtensibilityGlobals) = postSolution
		SolutionGuid = {2464FD21-245F-4730-ABE5-A539CF041CC7}
	EndGlobalSection
EndGlobal
